// !$*UTF8*$!
{
	archiveVersion = 1;
	classes = {
	};
	objectVersion = 50;
	objects = {

/* Begin PBXBuildFile section */
		756CEBAC2266123A0011033D /* AppDelegate.swift in Sources */ = {isa = PBXBuildFile; fileRef = 756CEBAB2266123A0011033D /* AppDelegate.swift */; };
		756CEBAE2266123A0011033D /* ViewController.swift in Sources */ = {isa = PBXBuildFile; fileRef = 756CEBAD2266123A0011033D /* ViewController.swift */; };
		756CEBB12266123A0011033D /* Main.storyboard in Resources */ = {isa = PBXBuildFile; fileRef = 756CEBAF2266123A0011033D /* Main.storyboard */; };
		756CEBB32266123B0011033D /* Assets.xcassets in Resources */ = {isa = PBXBuildFile; fileRef = 756CEBB22266123B0011033D /* Assets.xcassets */; };
		756CEBB62266123B0011033D /* LaunchScreen.storyboard in Resources */ = {isa = PBXBuildFile; fileRef = 756CEBB42266123B0011033D /* LaunchScreen.storyboard */; };
		756CEBBE226612A20011033D /* build.bash in Resources */ = {isa = PBXBuildFile; fileRef = 756CEBBD226612A20011033D /* build.bash */; };
/* End PBXBuildFile section */

/* Begin PBXFileReference section */
		756CEBA82266123A0011033D /* TestBuild.app */ = {isa = PBXFileReference; explicitFileType = wrapper.application; includeInIndex = 0; path = TestBuild.app; sourceTree = BUILT_PRODUCTS_DIR; };
		756CEBAB2266123A0011033D /* AppDelegate.swift */ = {isa = PBXFileReference; lastKnownFileType = sourcecode.swift; path = AppDelegate.swift; sourceTree = "<group>"; };
		756CEBAD2266123A0011033D /* ViewController.swift */ = {isa = PBXFileReference; lastKnownFileType = sourcecode.swift; path = ViewController.swift; sourceTree = "<group>"; };
		756CEBB02266123A0011033D /* Base */ = {isa = PBXFileReference; lastKnownFileType = file.storyboard; name = Base; path = Base.lproj/Main.storyboard; sourceTree = "<group>"; };
		756CEBB22266123B0011033D /* Assets.xcassets */ = {isa = PBXFileReference; lastKnownFileType = folder.assetcatalog; path = Assets.xcassets; sourceTree = "<group>"; };
		756CEBB52266123B0011033D /* Base */ = {isa = PBXFileReference; lastKnownFileType = file.storyboard; name = Base; path = Base.lproj/LaunchScreen.storyboard; sourceTree = "<group>"; };
		756CEBB72266123B0011033D /* Info.plist */ = {isa = PBXFileReference; lastKnownFileType = text.plist.xml; path = Info.plist; sourceTree = "<group>"; };
		756CEBBD226612A20011033D /* build.bash */ = {isa = PBXFileReference; lastKnownFileType = text; path = build.bash; sourceTree = "<group>"; };
/* End PBXFileReference section */

/* Begin PBXFrameworksBuildPhase section */
		756CEBA52266123A0011033D /* Frameworks */ = {
			isa = PBXFrameworksBuildPhase;
			buildActionMask = 2147483647;
			files = (
			);
			runOnlyForDeploymentPostprocessing = 0;
		};
/* End PBXFrameworksBuildPhase section */

/* Begin PBXGroup section */
		756CEB9F2266123A0011033D = {
			isa = PBXGroup;
			children = (
				756CEBBD226612A20011033D /* build.bash */,
				756CEBAA2266123A0011033D /* TestBuild */,
				756CEBA92266123A0011033D /* Products */,
			);
			sourceTree = "<group>";
		};
		756CEBA92266123A0011033D /* Products */ = {
			isa = PBXGroup;
			children = (
				756CEBA82266123A0011033D /* TestBuild.app */,
			);
			name = Products;
			sourceTree = "<group>";
		};
		756CEBAA2266123A0011033D /* TestBuild */ = {
			isa = PBXGroup;
			children = (
				756CEBAB2266123A0011033D /* AppDelegate.swift */,
				756CEBAD2266123A0011033D /* ViewController.swift */,
				756CEBAF2266123A0011033D /* Main.storyboard */,
				756CEBB22266123B0011033D /* Assets.xcassets */,
				756CEBB42266123B0011033D /* LaunchScreen.storyboard */,
				756CEBB72266123B0011033D /* Info.plist */,
			);
			path = TestBuild;
			sourceTree = "<group>";
		};
/* End PBXGroup section */

/* Begin PBXNativeTarget section */
		756CEBA72266123A0011033D /* TestBuild */ = {
			isa = PBXNativeTarget;
			buildConfigurationList = 756CEBBA2266123B0011033D /* Build configuration list for PBXNativeTarget "TestBuild" */;
			buildPhases = (
				756CEBA42266123A0011033D /* Sources */,
				756CEBA52266123A0011033D /* Frameworks */,
				756CEBA62266123A0011033D /* Resources */,
			);
			buildRules = (
			);
			dependencies = (
			);
			name = TestBuild;
			productName = TestBuild;
			productReference = 756CEBA82266123A0011033D /* TestBuild.app */;
			productType = "com.apple.product-type.application";
		};
/* End PBXNativeTarget section */

/* Begin PBXProject section */
		756CEBA02266123A0011033D /* Project object */ = {
			isa = PBXProject;
			attributes = {
				LastSwiftUpdateCheck = 1020;
				LastUpgradeCheck = 1020;
				ORGANIZATIONNAME = "Kazakevich, Vitaly";
				TargetAttributes = {
					756CEBA72266123A0011033D = {
						CreatedOnToolsVersion = 10.2;
					};
				};
			};
			buildConfigurationList = 756CEBA32266123A0011033D /* Build configuration list for PBXProject "TestBuild" */;
			compatibilityVersion = "Xcode 9.3";
			developmentRegion = en;
			hasScannedForEncodings = 0;
			knownRegions = (
				en,
				Base,
			);
			mainGroup = 756CEB9F2266123A0011033D;
			productRefGroup = 756CEBA92266123A0011033D /* Products */;
			projectDirPath = "";
			projectRoot = "";
			targets = (
				756CEBA72266123A0011033D /* TestBuild */,
			);
		};
/* End PBXProject section */

/* Begin PBXResourcesBuildPhase section */
		756CEBA62266123A0011033D /* Resources */ = {
			isa = PBXResourcesBuildPhase;
			buildActionMask = 2147483647;
			files = (
				756CEBB62266123B0011033D /* LaunchScreen.storyboard in Resources */,
				756CEBB32266123B0011033D /* Assets.xcassets in Resources */,
				756CEBBE226612A20011033D /* build.bash in Resources */,
				756CEBB12266123A0011033D /* Main.storyboard in Resources */,
			);
			runOnlyForDeploymentPostprocessing = 0;
		};
/* End PBXResourcesBuildPhase section */

/* Begin PBXSourcesBuildPhase section */
		756CEBA42266123A0011033D /* Sources */ = {
			isa = PBXSourcesBuildPhase;
			buildActionMask = 2147483647;
			files = (
				756CEBAE2266123A0011033D /* ViewController.swift in Sources */,
				756CEBAC2266123A0011033D /* AppDelegate.swift in Sources */,
			);
			runOnlyForDeploymentPostprocessing = 0;
		};
/* End PBXSourcesBuildPhase section */

/* Begin PBXVariantGroup section */
		756CEBAF2266123A0011033D /* Main.storyboard */ = {
			isa = PBXVariantGroup;
			children = (
				756CEBB02266123A0011033D /* Base */,
			);
			name = Main.storyboard;
			sourceTree = "<group>";
		};
		756CEBB42266123B0011033D /* LaunchScreen.storyboard */ = {
			isa = PBXVariantGroup;
			children = (
				756CEBB52266123B0011033D /* Base */,
			);
			name = LaunchScreen.storyboard;
			sourceTree = "<group>";
		};
/* End PBXVariantGroup section */

/* Begin XCBuildConfiguration section */
		756CEBB82266123B0011033D /* Debug */ = {
			isa = XCBuildConfiguration;
			buildSettings = {
				ALWAYS_SEARCH_USER_PATHS = NO;
				CLANG_ANALYZER_NONNULL = YES;
				CLANG_ANALYZER_NUMBER_OBJECT_CONVERSION = YES_AGGRESSIVE;
				CLANG_CXX_LANGUAGE_STANDARD = "gnu++14";
				CLANG_CXX_LIBRARY = "libc++";
				CLANG_ENABLE_MODULES = YES;
				CLANG_ENABLE_OBJC_ARC = YES;
				CLANG_ENABLE_OBJC_WEAK = YES;
				CLANG_WARN_BLOCK_CAPTURE_AUTORELEASING = YES;
				CLANG_WARN_BOOL_CONVERSION = YES;
				CLANG_WARN_COMMA = YES;
				CLANG_WARN_CONSTANT_CONVERSION = YES;
				CLANG_WARN_DEPRECATED_OBJC_IMPLEMENTATIONS = YES;
				CLANG_WARN_DIRECT_OBJC_ISA_USAGE = YES_ERROR;
				CLANG_WARN_DOCUMENTATION_COMMENTS = YES;
				CLANG_WARN_EMPTY_BODY = YES;
				CLANG_WARN_ENUM_CONVERSION = YES;
				CLANG_WARN_INFINITE_RECURSION = YES;
				CLANG_WARN_INT_CONVERSION = YES;
				CLANG_WARN_NON_LITERAL_NULL_CONVERSION = YES;
				CLANG_WARN_OBJC_IMPLICIT_RETAIN_SELF = YES;
				CLANG_WARN_OBJC_LITERAL_CONVERSION = YES;
				CLANG_WARN_OBJC_ROOT_CLASS = YES_ERROR;
				CLANG_WARN_RANGE_LOOP_ANALYSIS = YES;
				CLANG_WARN_STRICT_PROTOTYPES = YES;
				CLANG_WARN_SUSPICIOUS_MOVE = YES;
				CLANG_WARN_UNGUARDED_AVAILABILITY = YES_AGGRESSIVE;
				CLANG_WARN_UNREACHABLE_CODE = YES;
				CLANG_WARN__DUPLICATE_METHOD_MATCH = YES;
				CODE_SIGN_IDENTITY = "iPhone Developer";
				COPY_PHASE_STRIP = NO;
				DEBUG_INFORMATION_FORMAT = dwarf;
				ENABLE_STRICT_OBJC_MSGSEND = YES;
				ENABLE_TESTABILITY = YES;
				GCC_C_LANGUAGE_STANDARD = gnu11;
				GCC_DYNAMIC_NO_PIC = NO;
				GCC_NO_COMMON_BLOCKS = YES;
				GCC_OPTIMIZATION_LEVEL = 0;
				GCC_PREPROCESSOR_DEFINITIONS = (
					"DEBUG=1",
					"$(inherited)",
				);
				GCC_WARN_64_TO_32_BIT_CONVERSION = YES;
				GCC_WARN_ABOUT_RETURN_TYPE = YES_ERROR;
				GCC_WARN_UNDECLARED_SELECTOR = YES;
				GCC_WARN_UNINITIALIZED_AUTOS = YES_AGGRESSIVE;
				GCC_WARN_UNUSED_FUNCTION = YES;
				GCC_WARN_UNUSED_VARIABLE = YES;
				IPHONEOS_DEPLOYMENT_TARGET = 12.2;
				MTL_ENABLE_DEBUG_INFO = INCLUDE_SOURCE;
				MTL_FAST_MATH = YES;
				ONLY_ACTIVE_ARCH = YES;
				SDKROOT = iphoneos;
				SWIFT_ACTIVE_COMPILATION_CONDITIONS = DEBUG;
				SWIFT_OPTIMIZATION_LEVEL = "-Onone";
			};
			name = Debug;
		};
		756CEBB92266123B0011033D /* Release */ = {
			isa = XCBuildConfiguration;
			buildSettings = {
				ALWAYS_SEARCH_USER_PATHS = NO;
				CLANG_ANALYZER_NONNULL = YES;
				CLANG_ANALYZER_NUMBER_OBJECT_CONVERSION = YES_AGGRESSIVE;
				CLANG_CXX_LANGUAGE_STANDARD = "gnu++14";
				CLANG_CXX_LIBRARY = "libc++";
				CLANG_ENABLE_MODULES = YES;
				CLANG_ENABLE_OBJC_ARC = YES;
				CLANG_ENABLE_OBJC_WEAK = YES;
				CLANG_WARN_BLOCK_CAPTURE_AUTORELEASING = YES;
				CLANG_WARN_BOOL_CONVERSION = YES;
				CLANG_WARN_COMMA = YES;
				CLANG_WARN_CONSTANT_CONVERSION = YES;
				CLANG_WARN_DEPRECATED_OBJC_IMPLEMENTATIONS = YES;
				CLANG_WARN_DIRECT_OBJC_ISA_USAGE = YES_ERROR;
				CLANG_WARN_DOCUMENTATION_COMMENTS = YES;
				CLANG_WARN_EMPTY_BODY = YES;
				CLANG_WARN_ENUM_CONVERSION = YES;
				CLANG_WARN_INFINITE_RECURSION = YES;
				CLANG_WARN_INT_CONVERSION = YES;
				CLANG_WARN_NON_LITERAL_NULL_CONVERSION = YES;
				CLANG_WARN_OBJC_IMPLICIT_RETAIN_SELF = YES;
				CLANG_WARN_OBJC_LITERAL_CONVERSION = YES;
				CLANG_WARN_OBJC_ROOT_CLASS = YES_ERROR;
				CLANG_WARN_RANGE_LOOP_ANALYSIS = YES;
				CLANG_WARN_STRICT_PROTOTYPES = YES;
				CLANG_WARN_SUSPICIOUS_MOVE = YES;
				CLANG_WARN_UNGUARDED_AVAILABILITY = YES_AGGRESSIVE;
				CLANG_WARN_UNREACHABLE_CODE = YES;
				CLANG_WARN__DUPLICATE_METHOD_MATCH = YES;
				CODE_SIGN_IDENTITY = "iPhone Developer";
				COPY_PHASE_STRIP = NO;
				DEBUG_INFORMATION_FORMAT = "dwarf-with-dsym";
				ENABLE_NS_ASSERTIONS = NO;
				ENABLE_STRICT_OBJC_MSGSEND = YES;
				GCC_C_LANGUAGE_STANDARD = gnu11;
				GCC_NO_COMMON_BLOCKS = YES;
				GCC_WARN_64_TO_32_BIT_CONVERSION = YES;
				GCC_WARN_ABOUT_RETURN_TYPE = YES_ERROR;
				GCC_WARN_UNDECLARED_SELECTOR = YES;
				GCC_WARN_UNINITIALIZED_AUTOS = YES_AGGRESSIVE;
				GCC_WARN_UNUSED_FUNCTION = YES;
				GCC_WARN_UNUSED_VARIABLE = YES;
				IPHONEOS_DEPLOYMENT_TARGET = 12.2;
				MTL_ENABLE_DEBUG_INFO = NO;
				MTL_FAST_MATH = YES;
				SDKROOT = iphoneos;
				SWIFT_COMPILATION_MODE = wholemodule;
				SWIFT_OPTIMIZATION_LEVEL = "-O";
				VALIDATE_PRODUCT = YES;
			};
			name = Release;
		};
		756CEBBB2266123B0011033D /* Debug */ = {
			isa = XCBuildConfiguration;
			buildSettings = {
				ASSETCATALOG_COMPILER_APPICON_NAME = AppIcon;
				CODE_SIGN_STYLE = Automatic;
				DEVELOPMENT_TEAM = 7UALYYJUG6;
				INFOPLIST_FILE = TestBuild/Info.plist;
				LD_RUNPATH_SEARCH_PATHS = (
					"$(inherited)",
					"@executable_path/Frameworks",
				);
				PRODUCT_BUNDLE_IDENTIFIER = qulix.TestBuild;
				PRODUCT_NAME = "$(TARGET_NAME)";
				SWIFT_VERSION = 5.0;
				TARGETED_DEVICE_FAMILY = "1,2";
			};
			name = Debug;
		};
		756CEBBC2266123B0011033D /* Release */ = {
			isa = XCBuildConfiguration;
			buildSettings = {
				ASSETCATALOG_COMPILER_APPICON_NAME = AppIcon;
				CODE_SIGN_STYLE = Automatic;
				DEVELOPMENT_TEAM = 7UALYYJUG6;
				INFOPLIST_FILE = TestBuild/Info.plist;
				LD_RUNPATH_SEARCH_PATHS = (
					"$(inherited)",
					"@executable_path/Frameworks",
				);
				PRODUCT_BUNDLE_IDENTIFIER = qulix.TestBuild;
				PRODUCT_NAME = "$(TARGET_NAME)";
				SWIFT_VERSION = 5.0;
				TARGETED_DEVICE_FAMILY = "1,2";
			};
			name = Release;
		};
/* End XCBuildConfiguration section */

/* Begin XCConfigurationList section */
		756CEBA32266123A0011033D /* Build configuration list for PBXProject "TestBuild" */ = {
			isa = XCConfigurationList;
			buildConfigurations = (
				756CEBB82266123B0011033D /* Debug */,
				756CEBB92266123B0011033D /* Release */,
			);
			defaultConfigurationIsVisible = 0;
			defaultConfigurationName = Release;
		};
		756CEBBA2266123B0011033D /* Build configuration list for PBXNativeTarget "TestBuild" */ = {
			isa = XCConfigurationList;
			buildConfigurations = (
				756CEBBB2266123B0011033D /* Debug */,
				756CEBBC2266123B0011033D /* Release */,
			);
			defaultConfigurationIsVisible = 0;
			defaultConfigurationName = Release;
		};
/* End XCConfigurationList section */
	};
	rootObject = 756CEBA02266123A0011033D /* Project object */;
}
